<?xml version="1.0" encoding="utf-8"?>
<Project ToolsVersion="4.0" xmlns="http://schemas.microsoft.com/developer/msbuild/2003">
  <ItemGroup>
    <Filter Include="Source Files">
      <UniqueIdentifier>{4FC737F1-C7A5-4376-A066-2A32D752A2FF}</UniqueIdentifier>
      <Extensions>cpp;c;cc;cxx;def;odl;idl;hpj;bat;asm;asmx</Extensions>
    </Filter>
    <Filter Include="Header Files">
      <UniqueIdentifier>{93995380-89BD-4b04-88EB-625FBE52EBFB}</UniqueIdentifier>
      <Extensions>h;hpp;hxx;hm;inl;inc;xsd</Extensions>
    </Filter>
    <Filter Include="Resource Files">
      <UniqueIdentifier>{6b90dbe7-1752-4258-a37c-73f65ff62b2c}</UniqueIdentifier>
      <Extensions>ico;cur;bmp;dlg;rc2;rct;bin;rgs;gif;jpg;jpeg;jpe</Extensions>
    </Filter>
    <Filter Include="bzip2">
      <UniqueIdentifier>{cecffbfd-5db0-41b9-84b5-aca872f79546}</UniqueIdentifier>
    </Filter>
    <Filter Include="Ice">
      <UniqueIdentifier>{f3fd45a0-ae72-4ad1-9c1c-948827832c1b}</UniqueIdentifier>
    </Filter>
  </ItemGroup>
  <ItemGroup>
    <ClCompile Include="Acceptor.cpp">
      <Filter>Source Files</Filter>
    </ClCompile>
    <ClCompile Include="Application.cpp">
      <Filter>Source Files</Filter>
    </ClCompile>
    <ClCompile Include="ArgVector.cpp">
      <Filter>Source Files</Filter>
    </ClCompile>
    <ClCompile Include="Base64.cpp">
      <Filter>Source Files</Filter>
    </ClCompile>
    <ClCompile Include="BasicStream.cpp">
      <Filter>Source Files</Filter>
    </ClCompile>
    <ClCompile Include="Buffer.cpp">
      <Filter>Source Files</Filter>
    </ClCompile>
    <ClCompile Include="BuiltinSequences.cpp">
      <Filter>Source Files</Filter>
    </ClCompile>
    <ClCompile Include="Communicator.cpp">
      <Filter>Source Files</Filter>
    </ClCompile>
    <ClCompile Include="CommunicatorI.cpp">
      <Filter>Source Files</Filter>
    </ClCompile>
    <ClCompile Include="Cond.cpp">
      <Filter>Source Files</Filter>
    </ClCompile>
    <ClCompile Include="Connection.cpp">
      <Filter>Source Files</Filter>
    </ClCompile>
    <ClCompile Include="ConnectionFactory.cpp">
      <Filter>Source Files</Filter>
    </ClCompile>
    <ClCompile Include="ConnectionI.cpp">
      <Filter>Source Files</Filter>
    </ClCompile>
    <ClCompile Include="ConnectionMonitor.cpp">
      <Filter>Source Files</Filter>
    </ClCompile>
    <ClCompile Include="ConnectionRequestHandler.cpp">
      <Filter>Source Files</Filter>
    </ClCompile>
    <ClCompile Include="Connector.cpp">
      <Filter>Source Files</Filter>
    </ClCompile>
    <ClCompile Include="ConnectRequestHandler.cpp">
      <Filter>Source Files</Filter>
    </ClCompile>
    <ClCompile Include="ConvertUTF.cpp">
      <Filter>Source Files</Filter>
    </ClCompile>
    <ClCompile Include="CountDownLatch.cpp">
      <Filter>Source Files</Filter>
    </ClCompile>
    <ClCompile Include="CtrlCHandler.cpp">
      <Filter>Source Files</Filter>
    </ClCompile>
    <ClCompile Include="Current.cpp">
      <Filter>Source Files</Filter>
    </ClCompile>
    <ClCompile Include="DefaultsAndOverrides.cpp">
      <Filter>Source Files</Filter>
    </ClCompile>
    <ClCompile Include="Direct.cpp">
      <Filter>Source Files</Filter>
    </ClCompile>
    <ClCompile Include="DispatchInterceptor.cpp">
      <Filter>Source Files</Filter>
    </ClCompile>
    <ClCompile Include="DLLMain.cpp">
      <Filter>Source Files</Filter>
    </ClCompile>
    <ClCompile Include="DynamicLibrary.cpp">
      <Filter>Source Files</Filter>
    </ClCompile>
    <ClCompile Include="Endpoint.cpp">
      <Filter>Source Files</Filter>
    </ClCompile>
    <ClCompile Include="EndpointFactory.cpp">
      <Filter>Source Files</Filter>
    </ClCompile>
    <ClCompile Include="EndpointFactoryManager.cpp">
      <Filter>Source Files</Filter>
    </ClCompile>
    <ClCompile Include="EndpointI.cpp">
      <Filter>Source Files</Filter>
    </ClCompile>
    <ClCompile Include="EventHandler.cpp">
      <Filter>Source Files</Filter>
    </ClCompile>
    <ClCompile Include="EventLoggerI.cpp">
      <Filter>Source Files</Filter>
    </ClCompile>
    <ClCompile Include="Exception.cpp">
      <Filter>Source Files</Filter>
    </ClCompile>
    <ClCompile Include="FacetMap.cpp">
      <Filter>Source Files</Filter>
    </ClCompile>
    <ClCompile Include="FactoryTable.cpp">
      <Filter>Source Files</Filter>
    </ClCompile>
    <ClCompile Include="FactoryTableDef.cpp">
      <Filter>Source Files</Filter>
    </ClCompile>
    <ClCompile Include="GC.cpp">
      <Filter>Source Files</Filter>
    </ClCompile>
    <ClCompile Include="IceStorm.cpp">
      <Filter>Source Files</Filter>
    </ClCompile>
    <ClCompile Include="IceUtilException.cpp">
      <Filter>Source Files</Filter>
    </ClCompile>
    <ClCompile Include="Identity.cpp">
      <Filter>Source Files</Filter>
    </ClCompile>
    <ClCompile Include="ImplicitContext.cpp">
      <Filter>Source Files</Filter>
    </ClCompile>
    <ClCompile Include="ImplicitContextI.cpp">
      <Filter>Source Files</Filter>
    </ClCompile>
    <ClCompile Include="Incoming.cpp">
      <Filter>Source Files</Filter>
    </ClCompile>
    <ClCompile Include="IncomingAsync.cpp">
      <Filter>Source Files</Filter>
    </ClCompile>
    <ClCompile Include="Initialize.cpp">
      <Filter>Source Files</Filter>
    </ClCompile>
    <ClCompile Include="InputUtil.cpp">
      <Filter>Source Files</Filter>
    </ClCompile>
    <ClCompile Include="Instance.cpp">
      <Filter>Source Files</Filter>
    </ClCompile>
    <ClCompile Include="LocalException.cpp">
      <Filter>Source Files</Filter>
    </ClCompile>
    <ClCompile Include="LocalObject.cpp">
      <Filter>Source Files</Filter>
    </ClCompile>
    <ClCompile Include="Locator.cpp">
      <Filter>Source Files</Filter>
    </ClCompile>
    <ClCompile Include="LocatorInfo.cpp">
      <Filter>Source Files</Filter>
    </ClCompile>
    <ClCompile Include="Logger.cpp">
      <Filter>Source Files</Filter>
    </ClCompile>
    <ClCompile Include="LoggerI.cpp">
      <Filter>Source Files</Filter>
    </ClCompile>
    <ClCompile Include="LoggerUtil.cpp">
      <Filter>Source Files</Filter>
    </ClCompile>
    <ClCompile Include="Network.cpp">
      <Filter>Source Files</Filter>
    </ClCompile>
    <ClCompile Include="Object.cpp">
      <Filter>Source Files</Filter>
    </ClCompile>
    <ClCompile Include="ObjectAdapter.cpp">
      <Filter>Source Files</Filter>
    </ClCompile>
    <ClCompile Include="ObjectAdapterFactory.cpp">
      <Filter>Source Files</Filter>
    </ClCompile>
    <ClCompile Include="ObjectAdapterI.cpp">
      <Filter>Source Files</Filter>
    </ClCompile>
    <ClCompile Include="ObjectFactory.cpp">
      <Filter>Source Files</Filter>
    </ClCompile>
    <ClCompile Include="ObjectFactoryManager.cpp">
      <Filter>Source Files</Filter>
    </ClCompile>
    <ClCompile Include="Options.cpp">
      <Filter>Source Files</Filter>
    </ClCompile>
    <ClCompile Include="Outgoing.cpp">
      <Filter>Source Files</Filter>
    </ClCompile>
    <ClCompile Include="OutgoingAsync.cpp">
      <Filter>Source Files</Filter>
    </ClCompile>
    <ClCompile Include="OutputUtil.cpp">
      <Filter>Source Files</Filter>
    </ClCompile>
    <ClCompile Include="Plugin.cpp">
      <Filter>Source Files</Filter>
    </ClCompile>
    <ClCompile Include="PluginManagerI.cpp">
      <Filter>Source Files</Filter>
    </ClCompile>
    <ClCompile Include="Process.cpp">
      <Filter>Source Files</Filter>
    </ClCompile>
    <ClCompile Include="Properties.cpp">
      <Filter>Source Files</Filter>
    </ClCompile>
    <ClCompile Include="PropertiesI.cpp">
      <Filter>Source Files</Filter>
    </ClCompile>
    <ClCompile Include="PropertyNames.cpp">
      <Filter>Source Files</Filter>
    </ClCompile>
    <ClCompile Include="Protocol.cpp">
      <Filter>Source Files</Filter>
    </ClCompile>
    <ClCompile Include="ProtocolPluginFacade.cpp">
      <Filter>Source Files</Filter>
    </ClCompile>
    <ClCompile Include="Proxy.cpp">
      <Filter>Source Files</Filter>
    </ClCompile>
    <ClCompile Include="ProxyFactory.cpp">
      <Filter>Source Files</Filter>
    </ClCompile>
    <ClCompile Include="Random.cpp">
      <Filter>Source Files</Filter>
    </ClCompile>
    <ClCompile Include="RecMutex.cpp">
      <Filter>Source Files</Filter>
    </ClCompile>
    <ClCompile Include="Reference.cpp">
      <Filter>Source Files</Filter>
    </ClCompile>
    <ClCompile Include="ReferenceFactory.cpp">
      <Filter>Source Files</Filter>
    </ClCompile>
    <ClCompile Include="RequestHandler.cpp">
      <Filter>Source Files</Filter>
    </ClCompile>
    <ClCompile Include="Router.cpp">
      <Filter>Source Files</Filter>
    </ClCompile>
    <ClCompile Include="RouterInfo.cpp">
      <Filter>Source Files</Filter>
    </ClCompile>
    <ClCompile Include="RWRecMutex.cpp">
      <Filter>Source Files</Filter>
    </ClCompile>
    <ClCompile Include="SelectorThread.cpp">
      <Filter>Source Files</Filter>
    </ClCompile>
    <ClCompile Include="ServantLocator.cpp">
      <Filter>Source Files</Filter>
    </ClCompile>
    <ClCompile Include="ServantManager.cpp">
      <Filter>Source Files</Filter>
    </ClCompile>
    <ClCompile Include="Service.cpp">
      <Filter>Source Files</Filter>
    </ClCompile>
    <ClCompile Include="Shared.cpp">
      <Filter>Source Files</Filter>
    </ClCompile>
    <ClCompile Include="SliceChecksumDict.cpp">
      <Filter>Source Files</Filter>
    </ClCompile>
    <ClCompile Include="SliceChecksums.cpp">
      <Filter>Source Files</Filter>
    </ClCompile>
    <ClCompile Include="StaticMutex.cpp">
      <Filter>Source Files</Filter>
    </ClCompile>
    <ClCompile Include="Stats.cpp">
      <Filter>Source Files</Filter>
    </ClCompile>
    <ClCompile Include="Stream.cpp">
      <Filter>Source Files</Filter>
    </ClCompile>
    <ClCompile Include="StreamI.cpp">
      <Filter>Source Files</Filter>
    </ClCompile>
    <ClCompile Include="StringConverter.cpp">
      <Filter>Source Files</Filter>
    </ClCompile>
    <ClCompile Include="StringUtil.cpp">
      <Filter>Source Files</Filter>
    </ClCompile>
    <ClCompile Include="TcpAcceptor.cpp">
      <Filter>Source Files</Filter>
    </ClCompile>
    <ClCompile Include="TcpConnector.cpp">
      <Filter>Source Files</Filter>
    </ClCompile>
    <ClCompile Include="TcpEndpointI.cpp">
      <Filter>Source Files</Filter>
    </ClCompile>
    <ClCompile Include="TcpTransceiver.cpp">
      <Filter>Source Files</Filter>
    </ClCompile>
    <ClCompile Include="Thread.cpp">
      <Filter>Source Files</Filter>
    </ClCompile>
    <ClCompile Include="ThreadException.cpp">
      <Filter>Source Files</Filter>
    </ClCompile>
    <ClCompile Include="ThreadPool.cpp">
      <Filter>Source Files</Filter>
    </ClCompile>
    <ClCompile Include="Time.cpp">
      <Filter>Source Files</Filter>
    </ClCompile>
    <ClCompile Include="Timer.cpp">
      <Filter>Source Files</Filter>
    </ClCompile>
    <ClCompile Include="TraceLevels.cpp">
      <Filter>Source Files</Filter>
    </ClCompile>
    <ClCompile Include="TraceUtil.cpp">
      <Filter>Source Files</Filter>
    </ClCompile>
    <ClCompile Include="Transceiver.cpp">
      <Filter>Source Files</Filter>
    </ClCompile>
    <ClCompile Include="UdpConnector.cpp">
      <Filter>Source Files</Filter>
    </ClCompile>
    <ClCompile Include="UdpEndpointI.cpp">
      <Filter>Source Files</Filter>
    </ClCompile>
    <ClCompile Include="UdpTransceiver.cpp">
      <Filter>Source Files</Filter>
    </ClCompile>
    <ClCompile Include="Unicode.cpp">
      <Filter>Source Files</Filter>
    </ClCompile>
    <ClCompile Include="UnknownEndpointI.cpp">
      <Filter>Source Files</Filter>
    </ClCompile>
    <ClCompile Include="UUID.cpp">
      <Filter>Source Files</Filter>
    </ClCompile>
    <ClCompile Include="bzip2\blocksort.c">
      <Filter>bzip2</Filter>
    </ClCompile>
    <ClCompile Include="bzip2\bzlib.c">
      <Filter>bzip2</Filter>
    </ClCompile>
    <ClCompile Include="bzip2\compress.c">
      <Filter>bzip2</Filter>
    </ClCompile>
    <ClCompile Include="bzip2\crctable.c">
      <Filter>bzip2</Filter>
    </ClCompile>
    <ClCompile Include="bzip2\decompress.c">
      <Filter>bzip2</Filter>
    </ClCompile>
    <ClCompile Include="bzip2\huffman.c">
      <Filter>bzip2</Filter>
    </ClCompile>
    <ClCompile Include="bzip2\randtable.c">
      <Filter>bzip2</Filter>
    </ClCompile>
  </ItemGroup>
  <ItemGroup>
    <ClInclude Include="EventLoggerMsg.h">
      <Filter>Source Files</Filter>
    </ClInclude>
    <ClInclude Include="Acceptor.h">
      <Filter>Header Files</Filter>
    </ClInclude>
    <ClInclude Include="AcceptorF.h">
      <Filter>Header Files</Filter>
    </ClInclude>
    <ClInclude Include="Base64.h">
      <Filter>Header Files</Filter>
    </ClInclude>
    <ClInclude Include="CommunicatorI.h">
      <Filter>Header Files</Filter>
    </ClInclude>
    <ClInclude Include="ConnectionFactory.h">
      <Filter>Header Files</Filter>
    </ClInclude>
    <ClInclude Include="ConnectionI.h">
      <Filter>Header Files</Filter>
    </ClInclude>
    <ClInclude Include="ConnectionMonitor.h">
      <Filter>Header Files</Filter>
    </ClInclude>
    <ClInclude Include="ConnectionRequestHandler.h">
      <Filter>Header Files</Filter>
    </ClInclude>
    <ClInclude Include="Connector.h">
      <Filter>Header Files</Filter>
    </ClInclude>
    <ClInclude Include="ConnectorF.h">
      <Filter>Header Files</Filter>
    </ClInclude>
    <ClInclude Include="ConnectRequestHandler.h">
      <Filter>Header Files</Filter>
    </ClInclude>
    <ClInclude Include="ConvertUTF.h">
      <Filter>Header Files</Filter>
    </ClInclude>
    <ClInclude Include="DefaultsAndOverrides.h">
      <Filter>Header Files</Filter>
    </ClInclude>
    <ClInclude Include="DefaultsAndOverridesF.h">
      <Filter>Header Files</Filter>
    </ClInclude>
    <ClInclude Include="EndpointFactoryManager.h">
      <Filter>Header Files</Filter>
    </ClInclude>
    <ClInclude Include="EndpointFactoryManagerF.h">
      <Filter>Header Files</Filter>
    </ClInclude>
    <ClInclude Include="EndpointI.h">
      <Filter>Header Files</Filter>
    </ClInclude>
    <ClInclude Include="EventHandler.h">
      <Filter>Header Files</Filter>
    </ClInclude>
    <ClInclude Include="EventHandlerF.h">
      <Filter>Header Files</Filter>
    </ClInclude>
    <ClInclude Include="EventLoggerI.h">
      <Filter>Header Files</Filter>
    </ClInclude>
    <ClInclude Include="GC.h">
      <Filter>Header Files</Filter>
    </ClInclude>
    <ClInclude Include="IceStorm.h">
      <Filter>Header Files</Filter>
    </ClInclude>
    <ClInclude Include="ImplicitContextI.h">
      <Filter>Header Files</Filter>
    </ClInclude>
    <ClInclude Include="IncomingRequest.h">
      <Filter>Header Files</Filter>
    </ClInclude>
    <ClInclude Include="Instance.h">
      <Filter>Header Files</Filter>
    </ClInclude>
    <ClInclude Include="LocatorInfo.h">
      <Filter>Header Files</Filter>
    </ClInclude>
    <ClInclude Include="LocatorInfoF.h">
      <Filter>Header Files</Filter>
    </ClInclude>
    <ClInclude Include="LoggerI.h">
      <Filter>Header Files</Filter>
    </ClInclude>
    <ClInclude Include="Network.h">
      <Filter>Header Files</Filter>
    </ClInclude>
    <ClInclude Include="ObjectAdapterFactory.h">
      <Filter>Header Files</Filter>
    </ClInclude>
    <ClInclude Include="ObjectAdapterI.h">
      <Filter>Header Files</Filter>
    </ClInclude>
    <ClInclude Include="ObjectFactoryManager.h">
      <Filter>Header Files</Filter>
    </ClInclude>
    <ClInclude Include="ObjectFactoryManagerF.h">
      <Filter>Header Files</Filter>
    </ClInclude>
    <ClInclude Include="PluginManagerI.h">
      <Filter>Header Files</Filter>
    </ClInclude>
    <ClInclude Include="PropertiesI.h">
      <Filter>Header Files</Filter>
    </ClInclude>
    <ClInclude Include="PropertyNames.h">
      <Filter>Header Files</Filter>
    </ClInclude>
    <ClInclude Include="ProxyFactory.h">
      <Filter>Header Files</Filter>
    </ClInclude>
    <ClInclude Include="Reference.h">
      <Filter>Header Files</Filter>
    </ClInclude>
    <ClInclude Include="ReferenceFactory.h">
      <Filter>Header Files</Filter>
    </ClInclude>
    <ClInclude Include="ReferenceFactoryF.h">
      <Filter>Header Files</Filter>
    </ClInclude>
    <ClInclude Include="ReplyStatus.h">
      <Filter>Header Files</Filter>
    </ClInclude>
    <ClInclude Include="RequestHandler.h">
      <Filter>Header Files</Filter>
    </ClInclude>
    <ClInclude Include="RouterInfo.h">
      <Filter>Header Files</Filter>
    </ClInclude>
    <ClInclude Include="RouterInfoF.h">
      <Filter>Header Files</Filter>
    </ClInclude>
    <ClInclude Include="Selector.h">
      <Filter>Header Files</Filter>
    </ClInclude>
    <ClInclude Include="SelectorF.h">
      <Filter>Header Files</Filter>
    </ClInclude>
    <ClInclude Include="SelectorThread.h">
      <Filter>Header Files</Filter>
    </ClInclude>
    <ClInclude Include="SelectorThreadF.h">
      <Filter>Header Files</Filter>
    </ClInclude>
    <ClInclude Include="ServantManager.h">
      <Filter>Header Files</Filter>
    </ClInclude>
    <ClInclude Include="SharedContext.h">
      <Filter>Header Files</Filter>
    </ClInclude>
    <ClInclude Include="SocketReadyCallback.h">
      <Filter>Header Files</Filter>
    </ClInclude>
    <ClInclude Include="StreamI.h">
      <Filter>Header Files</Filter>
    </ClInclude>
    <ClInclude Include="SysLoggerI.h">
      <Filter>Header Files</Filter>
    </ClInclude>
    <ClInclude Include="TcpAcceptor.h">
      <Filter>Header Files</Filter>
    </ClInclude>
    <ClInclude Include="TcpConnector.h">
      <Filter>Header Files</Filter>
    </ClInclude>
    <ClInclude Include="TcpEndpointI.h">
      <Filter>Header Files</Filter>
    </ClInclude>
    <ClInclude Include="TcpTransceiver.h">
      <Filter>Header Files</Filter>
    </ClInclude>
    <ClInclude Include="ThreadPool.h">
      <Filter>Header Files</Filter>
    </ClInclude>
    <ClInclude Include="ThreadPoolF.h">
      <Filter>Header Files</Filter>
    </ClInclude>
    <ClInclude Include="TraceLevels.h">
      <Filter>Header Files</Filter>
    </ClInclude>
    <ClInclude Include="TraceLevelsF.h">
      <Filter>Header Files</Filter>
    </ClInclude>
    <ClInclude Include="TraceUtil.h">
      <Filter>Header Files</Filter>
    </ClInclude>
    <ClInclude Include="Transceiver.h">
      <Filter>Header Files</Filter>
    </ClInclude>
    <ClInclude Include="TransceiverF.h">
      <Filter>Header Files</Filter>
    </ClInclude>
    <ClInclude Include="UdpConnector.h">
      <Filter>Header Files</Filter>
    </ClInclude>
    <ClInclude Include="UdpEndpointI.h">
      <Filter>Header Files</Filter>
    </ClInclude>
    <ClInclude Include="UdpTransceiver.h">
      <Filter>Header Files</Filter>
    </ClInclude>
    <ClInclude Include="UnknownEndpointI.h">
      <Filter>Header Files</Filter>
    </ClInclude>
    <ClInclude Include="bzip2\bzlib.h">
      <Filter>bzip2</Filter>
    </ClInclude>
    <ClInclude Include="bzip2\bzlib_private.h">
      <Filter>bzip2</Filter>
    </ClInclude>
    <ClInclude Include="..\..\include\Ice\Application.h">
      <Filter>Ice</Filter>
    </ClInclude>
    <ClInclude Include="..\..\include\Ice\BasicStream.h">
      <Filter>Ice</Filter>
    </ClInclude>
    <ClInclude Include="..\..\include\Ice\Buffer.h">
      <Filter>Ice</Filter>
    </ClInclude>
    <ClInclude Include="..\..\include\Ice\BuiltinSequences.h">
      <Filter>Ice</Filter>
    </ClInclude>
    <ClInclude Include="..\..\include\Ice\Communicator.h">
      <Filter>Ice</Filter>
    </ClInclude>
    <ClInclude Include="..\..\include\Ice\CommunicatorF.h">
      <Filter>Ice</Filter>
    </ClInclude>
    <ClInclude Include="..\..\include\Ice\Config.h">
      <Filter>Ice</Filter>
    </ClInclude>
    <ClInclude Include="..\..\include\Ice\Connection.h">
      <Filter>Ice</Filter>
    </ClInclude>
    <ClInclude Include="..\..\include\Ice\ConnectionF.h">
      <Filter>Ice</Filter>
    </ClInclude>
    <ClInclude Include="..\..\include\Ice\ConnectionFactoryF.h">
      <Filter>Ice</Filter>
    </ClInclude>
    <ClInclude Include="..\..\include\Ice\ConnectionIF.h">
      <Filter>Ice</Filter>
    </ClInclude>
    <ClInclude Include="..\..\include\Ice\ConnectionMonitorF.h">
      <Filter>Ice</Filter>
    </ClInclude>
    <ClInclude Include="..\..\include\Ice\Current.h">
      <Filter>Ice</Filter>
    </ClInclude>
    <ClInclude Include="..\..\include\Ice\Direct.h">
      <Filter>Ice</Filter>
    </ClInclude>
    <ClInclude Include="..\..\include\Ice\DispatchInterceptor.h">
      <Filter>Ice</Filter>
    </ClInclude>
    <ClInclude Include="..\..\include\Ice\DynamicLibrary.h">
      <Filter>Ice</Filter>
    </ClInclude>
    <ClInclude Include="..\..\include\Ice\DynamicLibraryF.h">
      <Filter>Ice</Filter>
    </ClInclude>
    <ClInclude Include="..\..\include\Ice\Endpoint.h">
      <Filter>Ice</Filter>
    </ClInclude>
    <ClInclude Include="..\..\include\Ice\EndpointFactory.h">
      <Filter>Ice</Filter>
    </ClInclude>
    <ClInclude Include="..\..\include\Ice\EndpointFactoryF.h">
      <Filter>Ice</Filter>
    </ClInclude>
    <ClInclude Include="..\..\include\Ice\EndpointIF.h">
      <Filter>Ice</Filter>
    </ClInclude>
    <ClInclude Include="..\..\include\Ice\Exception.h">
      <Filter>Ice</Filter>
    </ClInclude>
    <ClInclude Include="..\..\include\Ice\FacetMap.h">
      <Filter>Ice</Filter>
    </ClInclude>
    <ClInclude Include="..\..\include\Ice\FactoryTable.h">
      <Filter>Ice</Filter>
    </ClInclude>
    <ClInclude Include="..\..\include\Ice\FactoryTableDef.h">
      <Filter>Ice</Filter>
    </ClInclude>
    <ClInclude Include="..\..\include\Ice\Functional.h">
      <Filter>Ice</Filter>
    </ClInclude>
    <ClInclude Include="..\..\include\Ice\GCCountMap.h">
      <Filter>Ice</Filter>
    </ClInclude>
    <ClInclude Include="..\..\include\Ice\GCShared.h">
      <Filter>Ice</Filter>
    </ClInclude>
    <ClInclude Include="..\..\include\Ice\Handle.h">
      <Filter>Ice</Filter>
    </ClInclude>
    <ClInclude Include="..\..\include\Ice\Ice.h">
      <Filter>Ice</Filter>
    </ClInclude>
    <ClInclude Include="..\..\include\Ice\IconvStringConverter.h">
      <Filter>Ice</Filter>
    </ClInclude>
    <ClInclude Include="..\..\include\Ice\Identity.h">
      <Filter>Ice</Filter>
    </ClInclude>
    <ClInclude Include="..\..\include\Ice\ImplicitContext.h">
      <Filter>Ice</Filter>
    </ClInclude>
    <ClInclude Include="..\..\include\Ice\ImplicitContextF.h">
      <Filter>Ice</Filter>
    </ClInclude>
    <ClInclude Include="..\..\include\Ice\Incoming.h">
      <Filter>Ice</Filter>
    </ClInclude>
    <ClInclude Include="..\..\include\Ice\IncomingAsync.h">
      <Filter>Ice</Filter>
    </ClInclude>
    <ClInclude Include="..\..\include\Ice\IncomingAsyncF.h">
      <Filter>Ice</Filter>
    </ClInclude>
    <ClInclude Include="..\..\include\Ice\Initialize.h">
      <Filter>Ice</Filter>
    </ClInclude>
    <ClInclude Include="..\..\include\Ice\InstanceF.h">
      <Filter>Ice</Filter>
    </ClInclude>
    <ClInclude Include="..\..\include\Ice\LocalException.h">
      <Filter>Ice</Filter>
    </ClInclude>
    <ClInclude Include="..\..\include\Ice\LocalObject.h">
      <Filter>Ice</Filter>
    </ClInclude>
    <ClInclude Include="..\..\include\Ice\LocalObjectF.h">
      <Filter>Ice</Filter>
    </ClInclude>
    <ClInclude Include="..\..\include\Ice\Locator.h">
      <Filter>Ice</Filter>
    </ClInclude>
    <ClInclude Include="..\..\include\Ice\LocatorF.h">
      <Filter>Ice</Filter>
    </ClInclude>
    <ClInclude Include="..\..\include\Ice\Logger.h">
      <Filter>Ice</Filter>
    </ClInclude>
    <ClInclude Include="..\..\include\Ice\LoggerF.h">
      <Filter>Ice</Filter>
    </ClInclude>
    <ClInclude Include="..\..\include\Ice\LoggerUtil.h">
      <Filter>Ice</Filter>
    </ClInclude>
    <ClInclude Include="..\..\include\Ice\Object.h">
      <Filter>Ice</Filter>
    </ClInclude>
    <ClInclude Include="..\..\include\Ice\ObjectAdapter.h">
      <Filter>Ice</Filter>
    </ClInclude>
    <ClInclude Include="..\..\include\Ice\ObjectAdapterF.h">
      <Filter>Ice</Filter>
    </ClInclude>
    <ClInclude Include="..\..\include\Ice\ObjectAdapterFactoryF.h">
      <Filter>Ice</Filter>
    </ClInclude>
    <ClInclude Include="..\..\include\Ice\ObjectF.h">
      <Filter>Ice</Filter>
    </ClInclude>
    <ClInclude Include="..\..\include\Ice\ObjectFactory.h">
      <Filter>Ice</Filter>
    </ClInclude>
    <ClInclude Include="..\..\include\Ice\ObjectFactoryF.h">
      <Filter>Ice</Filter>
    </ClInclude>
    <ClInclude Include="..\..\include\Ice\Outgoing.h">
      <Filter>Ice</Filter>
    </ClInclude>
    <ClInclude Include="..\..\include\Ice\OutgoingAsync.h">
      <Filter>Ice</Filter>
    </ClInclude>
    <ClInclude Include="..\..\include\Ice\OutgoingAsyncF.h">
      <Filter>Ice</Filter>
    </ClInclude>
    <ClInclude Include="..\..\include\Ice\Plugin.h">
      <Filter>Ice</Filter>
    </ClInclude>
    <ClInclude Include="..\..\include\Ice\PluginF.h">
      <Filter>Ice</Filter>
    </ClInclude>
    <ClInclude Include="..\..\include\Ice\Process.h">
      <Filter>Ice</Filter>
    </ClInclude>
    <ClInclude Include="..\..\include\Ice\ProcessF.h">
      <Filter>Ice</Filter>
    </ClInclude>
    <ClInclude Include="..\..\include\Ice\Properties.h">
      <Filter>Ice</Filter>
    </ClInclude>
    <ClInclude Include="..\..\include\Ice\PropertiesF.h">
      <Filter>Ice</Filter>
    </ClInclude>
    <ClInclude Include="..\..\include\Ice\Protocol.h">
      <Filter>Ice</Filter>
    </ClInclude>
    <ClInclude Include="..\..\include\Ice\ProtocolPluginFacade.h">
      <Filter>Ice</Filter>
    </ClInclude>
    <ClInclude Include="..\..\include\Ice\ProtocolPluginFacadeF.h">
      <Filter>Ice</Filter>
    </ClInclude>
    <ClInclude Include="..\..\include\Ice\Proxy.h">
      <Filter>Ice</Filter>
    </ClInclude>
    <ClInclude Include="..\..\include\Ice\ProxyF.h">
      <Filter>Ice</Filter>
    </ClInclude>
    <ClInclude Include="..\..\include\Ice\ProxyFactoryF.h">
      <Filter>Ice</Filter>
    </ClInclude>
    <ClInclude Include="..\..\include\Ice\ProxyHandle.h">
      <Filter>Ice</Filter>
    </ClInclude>
    <ClInclude Include="..\..\include\Ice\ReferenceF.h">
      <Filter>Ice</Filter>
    </ClInclude>
    <ClInclude Include="..\..\include\Ice\RequestHandlerF.h">
      <Filter>Ice</Filter>
    </ClInclude>
    <ClInclude Include="..\..\include\Ice\Router.h">
      <Filter>Ice</Filter>
    </ClInclude>
    <ClInclude Include="..\..\include\Ice\RouterF.h">
      <Filter>Ice</Filter>
    </ClInclude>
    <ClInclude Include="..\..\include\Ice\ServantLocator.h">
      <Filter>Ice</Filter>
    </ClInclude>
    <ClInclude Include="..\..\include\Ice\ServantLocatorF.h">
      <Filter>Ice</Filter>
    </ClInclude>
    <ClInclude Include="..\..\include\Ice\ServantManagerF.h">
      <Filter>Ice</Filter>
    </ClInclude>
    <ClInclude Include="..\..\include\Ice\Service.h">
      <Filter>Ice</Filter>
    </ClInclude>
    <ClInclude Include="..\..\include\Ice\SliceChecksumDict.h">
      <Filter>Ice</Filter>
    </ClInclude>
    <ClInclude Include="..\..\include\Ice\SliceChecksums.h">
      <Filter>Ice</Filter>
    </ClInclude>
    <ClInclude Include="..\..\include\Ice\Stats.h">
      <Filter>Ice</Filter>
    </ClInclude>
    <ClInclude Include="..\..\include\Ice\StatsF.h">
      <Filter>Ice</Filter>
    </ClInclude>
    <ClInclude Include="..\..\include\Ice\Stream.h">
      <Filter>Ice</Filter>
    </ClInclude>
    <ClInclude Include="..\..\include\Ice\StreamF.h">
      <Filter>Ice</Filter>
    </ClInclude>
    <ClInclude Include="..\..\include\Ice\StringConverter.h">
      <Filter>Ice</Filter>
    </ClInclude>
    <ClInclude Include="..\..\include\Ice\UndefSysMacros.h">
      <Filter>Ice</Filter>
    </ClInclude>
    <ClInclude Include="..\..\include\Ice\UserExceptionFactory.h">
      <Filter>Ice</Filter>
    </ClInclude>
    <ClInclude Include="..\..\include\Ice\UserExceptionFactoryF.h">
      <Filter>Ice</Filter>
    </ClInclude>
  </ItemGroup>
  <ItemGroup>
    <None Include="EventLoggerMsg.mc">
      <Filter>Source Files</Filter>
    </None>
    <None Include="..\..\include\Ice\Makefile">
      <Filter>Ice</Filter>
    </None>
    <None Include="..\..\include\Ice\Makefile.mak">
      <Filter>Ice</Filter>
    </None>
  </ItemGroup>
  <ItemGroup>
    <ResourceCompile Include="EventLoggerMsg.rc">
      <Filter>Source Files</Filter>
    </ResourceCompile>
  </ItemGroup>
  <ItemGroup>
    <CustomBuild Include="..\..\slice\Ice\BuiltinSequences.ice">
      <Filter>Resource Files</Filter>
    </CustomBuild>
    <CustomBuild Include="..\..\slice\Ice\Communicator.ice">
      <Filter>Resource Files</Filter>
    </CustomBuild>
    <CustomBuild Include="..\..\slice\Ice\CommunicatorF.ice">
      <Filter>Resource Files</Filter>
    </CustomBuild>
    <CustomBuild Include="..\..\slice\Ice\Connection.ice">
      <Filter>Resource Files</Filter>
    </CustomBuild>
    <CustomBuild Include="..\..\slice\Ice\ConnectionF.ice">
      <Filter>Resource Files</Filter>
    </CustomBuild>
    <CustomBuild Include="..\..\slice\Ice\Current.ice">
      <Filter>Resource Files</Filter>
    </CustomBuild>
    <CustomBuild Include="..\..\slice\Ice\Endpoint.ice">
      <Filter>Resource Files</Filter>
    </CustomBuild>
    <CustomBuild Include="..\..\slice\Ice\FacetMap.ice">
      <Filter>Resource Files</Filter>
    </CustomBuild>
    <CustomBuild Include="..\..\slice\Ice\IceStorm.ice">
      <Filter>Resource Files</Filter>
    </CustomBuild>
    <CustomBuild Include="..\..\slice\Ice\Identity.ice">
      <Filter>Resource Files</Filter>
    </CustomBuild>
    <CustomBuild Include="..\..\slice\Ice\ImplicitContext.ice">
      <Filter>Resource Files</Filter>
    </CustomBuild>
    <CustomBuild Include="..\..\slice\Ice\ImplicitContextF.ice">
      <Filter>Resource Files</Filter>
    </CustomBuild>
    <CustomBuild Include="..\..\slice\Ice\LocalException.ice">
      <Filter>Resource Files</Filter>
    </CustomBuild>
    <CustomBuild Include="..\..\slice\Ice\Locator.ice">
      <Filter>Resource Files</Filter>
    </CustomBuild>
    <CustomBuild Include="..\..\slice\Ice\LocatorF.ice">
      <Filter>Resource Files</Filter>
    </CustomBuild>
    <CustomBuild Include="..\..\slice\Ice\Logger.ice">
      <Filter>Resource Files</Filter>
    </CustomBuild>
    <CustomBuild Include="..\..\slice\Ice\LoggerF.ice">
      <Filter>Resource Files</Filter>
    </CustomBuild>
    <CustomBuild Include="..\..\slice\Ice\ObjectAdapter.ice">
      <Filter>Resource Files</Filter>
    </CustomBuild>
    <CustomBuild Include="..\..\slice\Ice\ObjectAdapterF.ice">
      <Filter>Resource Files</Filter>
    </CustomBuild>
    <CustomBuild Include="..\..\slice\Ice\ObjectFactory.ice">
      <Filter>Resource Files</Filter>
    </CustomBuild>
    <CustomBuild Include="..\..\slice\Ice\ObjectFactoryF.ice">
      <Filter>Resource Files</Filter>
    </CustomBuild>
    <CustomBuild Include="..\..\slice\Ice\Plugin.ice">
      <Filter>Resource Files</Filter>
    </CustomBuild>
    <CustomBuild Include="..\..\slice\Ice\PluginF.ice">
      <Filter>Resource Files</Filter>
    </CustomBuild>
    <CustomBuild Include="..\..\slice\Ice\Process.ice">
      <Filter>Resource Files</Filter>
    </CustomBuild>
    <CustomBuild Include="..\..\slice\Ice\ProcessF.ice">
      <Filter>Resource Files</Filter>
    </CustomBuild>
    <CustomBuild Include="..\..\slice\Ice\Properties.ice">
      <Filter>Resource Files</Filter>
    </CustomBuild>
    <CustomBuild Include="..\..\slice\Ice\PropertiesF.ice">
      <Filter>Resource Files</Filter>
    </CustomBuild>
    <CustomBuild Include="..\..\slice\Ice\Router.ice">
      <Filter>Resource Files</Filter>
    </CustomBuild>
    <CustomBuild Include="..\..\slice\Ice\RouterF.ice">
      <Filter>Resource Files</Filter>
    </CustomBuild>
    <CustomBuild Include="..\..\slice\Ice\ServantLocator.ice">
      <Filter>Resource Files</Filter>
    </CustomBuild>
    <CustomBuild Include="..\..\slice\Ice\ServantLocatorF.ice">
      <Filter>Resource Files</Filter>
    </CustomBuild>
    <CustomBuild Include="..\..\slice\Ice\SliceChecksumDict.ice">
      <Filter>Resource Files</Filter>
    </CustomBuild>
    <CustomBuild Include="..\..\slice\Ice\Stats.ice">
      <Filter>Resource Files</Filter>
    </CustomBuild>
    <CustomBuild Include="..\..\slice\Ice\StatsF.ice">
      <Filter>Resource Files</Filter>
    </CustomBuild>
  </ItemGroup>
</Project>