<?xml version="1.0" encoding="utf-8"?>
<Project ToolsVersion="4.0" xmlns="http://schemas.microsoft.com/developer/msbuild/2003">
  <ItemGroup>
    <Filter Include="src">
      <UniqueIdentifier>{9e88a4ee-45d8-420f-b5f5-2410756214d5}</UniqueIdentifier>
    </Filter>
    <Filter Include="demo">
      <UniqueIdentifier>{2c1d6822-223f-42be-b9d5-8cfc2664afca}</UniqueIdentifier>
    </Filter>
  </ItemGroup>
  <ItemGroup>
    <None Include="..\demo\__init__.py">
      <Filter>demo</Filter>
    </None>
    <None Include="..\demo\rpcdemo.ptl">
      <Filter>demo</Filter>
    </None>
    <None Include="..\demo\rpcdemo.py">
      <Filter>demo</Filter>
    </None>
    <None Include="..\demo\rpcdemo_start.py">
      <Filter>demo</Filter>
    </None>
    <None Include="README.md">
      <Filter>src</Filter>
    </None>
    <None Include="rpcdemo_config.ptl">
      <Filter>src</Filter>
    </None>
    <None Include="rpcdemo_proto_gen.bat">
      <Filter>src</Filter>
    </None>
    <None Include="..\rpcdemo_gen.bat" />
  </ItemGroup>
  <ItemGroup>
    <ClInclude Include="rpcdemo_config.h">
      <Filter>src</Filter>
    </ClInclude>
    <ClInclude Include="rpcdemo_config_pack.h">
      <Filter>src</Filter>
    </ClInclude>
    <ClInclude Include="rpcdemo_config_proto.h">
      <Filter>src</Filter>
    </ClInclude>
    <ClInclude Include="rpcdemo_inc.h">
      <Filter>src</Filter>
    </ClInclude>
    <ClInclude Include="rpcdemo_pack.h">
      <Filter>src</Filter>
    </ClInclude>
    <ClInclude Include="rpcdemo_service.h">
      <Filter>src</Filter>
    </ClInclude>
    <ClInclude Include="rpcdemo_proto.h">
      <Filter>src</Filter>
    </ClInclude>
  </ItemGroup>
  <ItemGroup>
    <ClCompile Include="rpcdemo_config.cpp">
      <Filter>src</Filter>
    </ClCompile>
    <ClCompile Include="rpcdemo_config_pack.cpp">
      <Filter>src</Filter>
    </ClCompile>
    <ClCompile Include="rpcdemo_pack.cpp">
      <Filter>src</Filter>
    </ClCompile>
    <ClCompile Include="rpcdemo_service.cpp">
      <Filter>src</Filter>
    </ClCompile>
  </ItemGroup>
</Project>